---
lockVersion: 1.0.0
dependencies:
  codeql/dataflow:
    version: 0.1.6
  codeql/javascript-all:
    version: 0.8.6
  codeql/mad:
    version: 0.2.6
  codeql/regex:
    version: 0.2.6
  codeql/ssa:
    version: 0.2.6
  codeql/tutorial:
    version: 0.2.6
  codeql/typetracking:
    version: 0.2.6
  codeql/util:
    version: 0.2.6
  codeql/yaml:
    version: 0.2.6
compiled: false
